
Microsoft Visual Studio Solution File, Format Version 12.00
# Visual Studio 15
VisualStudioVersion = 15.0.26730.16
MinimumVisualStudioVersion = 10.0.40219.1
Project("{FAE04EC0-301F-11D3-BF4B-00C04F79EFBC}") = "ModernStore.Domain", "ModernStore.Domain\ModernStore.Domain.csproj", "{6CD5518D-E16D-4006-98B7-C50A158D3C28}"
EndProject
Project("{FAE04EC0-301F-11D3-BF4B-00C04F79EFBC}") = "ModernStore.Shared", "ModernStore.Shared\ModernStore.Shared.csproj", "{D822ACF2-FFBC-4E91-803B-C6CDFB88A463}"
EndProject
Project("{FAE04EC0-301F-11D3-BF4B-00C04F79EFBC}") = "ModernStore.Domain.Tests", "ModernStore.Domain.Tests\ModernStore.Domain.Tests.csproj", "{D82234EE-E9A2-4A32-B885-FD17C32F4DB2}"
EndProject
Global
	GlobalSection(SolutionConfigurationPlatforms) = preSolution
		Debug|Any CPU = Debug|Any CPU
		Release|Any CPU = Release|Any CPU
	EndGlobalSection
	GlobalSection(ProjectConfigurationPlatforms) = postSolution
		{6CD5518D-E16D-4006-98B7-C50A158D3C28}.Debug|Any CPU.ActiveCfg = Debug|Any CPU
		{6CD5518D-E16D-4006-98B7-C50A158D3C28}.Debug|Any CPU.Build.0 = Debug|Any CPU
		{6CD5518D-E16D-4006-98B7-C50A158D3C28}.Release|Any CPU.ActiveCfg = Release|Any CPU
		{6CD5518D-E16D-4006-98B7-C50A158D3C28}.Release|Any CPU.Build.0 = Release|Any CPU
		{D822ACF2-FFBC-4E91-803B-C6CDFB88A463}.Debug|Any CPU.ActiveCfg = Debug|Any CPU
		{D822ACF2-FFBC-4E91-803B-C6CDFB88A463}.Debug|Any CPU.Build.0 = Debug|Any CPU
		{D822ACF2-FFBC-4E91-803B-C6CDFB88A463}.Release|Any CPU.ActiveCfg = Release|Any CPU
		{D822ACF2-FFBC-4E91-803B-C6CDFB88A463}.Release|Any CPU.Build.0 = Release|Any CPU
		{D82234EE-E9A2-4A32-B885-FD17C32F4DB2}.Debug|Any CPU.ActiveCfg = Debug|Any CPU
		{D82234EE-E9A2-4A32-B885-FD17C32F4DB2}.Debug|Any CPU.Build.0 = Debug|Any CPU
		{D82234EE-E9A2-4A32-B885-FD17C32F4DB2}.Release|Any CPU.ActiveCfg = Release|Any CPU
		{D82234EE-E9A2-4A32-B885-FD17C32F4DB2}.Release|Any CPU.Build.0 = Release|Any CPU
	EndGlobalSection
	GlobalSection(SolutionProperties) = preSolution
		HideSolutionNode = FALSE
	EndGlobalSection
	GlobalSection(ExtensibilityGlobals) = postSolution
		SolutionGuid = {105D34DD-9E00-4CDA-9842-227269F1BE09}
	EndGlobalSection
EndGlobal
